{
    "name": "common-cli",
    "version": "1.0.0",
    "lockfileVersion": 1,
    "requires": true,
    "dependencies": {
        "command-line-args": {
            "version": "5.0.2",
            "resolved": "http://registry.npm.taobao.org/command-line-args/download/command-line-args-5.0.2.tgz",
            "dependencies": {
                "argv-tools": {
                    "version": "http://registry.npm.taobao.org/argv-tools/download/argv-tools-0.1.1.tgz",
                    "bundled": true,
                    "dependencies": {
                        "array-back": {
                            "version": "http://registry.npm.taobao.org/array-back/download/array-back-2.0.0.tgz",
                            "dependencies": {
                                "typical": {
                                    "version": "http://registry.npm.taobao.org/typical/download/typical-2.6.1.tgz"
                                }
                            }
                        },
                        "find-replace": {
                            "version": "http://registry.npm.taobao.org/find-replace/download/find-replace-2.0.1.tgz"
                        }
                    }
                },
                "array-back": {
                    "version": "http://registry.npm.taobao.org/array-back/download/array-back-2.0.0.tgz",
                    "bundled": true,
                    "dependencies": {
                        "typical": {
                            "version": "http://registry.npm.taobao.org/typical/download/typical-2.6.1.tgz"
                        }
                    }
                },
                "find-replace": {
                    "version": "http://registry.npm.taobao.org/find-replace/download/find-replace-2.0.1.tgz",
                    "bundled": true,
                    "dependencies": {
                        "array-back": {
                            "version": "http://registry.npm.taobao.org/array-back/download/array-back-2.0.0.tgz",
                            "dependencies": {
                                "typical": {
                                    "version": "http://registry.npm.taobao.org/typical/download/typical-2.6.1.tgz"
                                }
                            }
                        },
                        "test-value": {
                            "version": "http://registry.npm.taobao.org/test-value/download/test-value-3.0.0.tgz"
                        }
                    }
                },
                "lodash.camelcase": {
                    "version": "http://registry.npm.taobao.org/lodash.camelcase/download/lodash.camelcase-4.3.0.tgz",
                    "bundled": true
                },
                "typical": {
                    "version": "http://registry.npm.taobao.org/typical/download/typical-2.6.1.tgz",
                    "bundled": true
                }
            }
        },
        "command-line-usage": {
            "version": "5.0.5",
            "resolved": "http://registry.npm.taobao.org/command-line-usage/download/command-line-usage-5.0.5.tgz",
            "dependencies": {
                "array-back": {
                    "version": "http://registry.npm.taobao.org/array-back/download/array-back-2.0.0.tgz"
                },
                "chalk": {
                    "version": "http://registry.npm.taobao.org/chalk/download/chalk-2.4.1.tgz",
                    "dependencies": {
                        "ansi-styles": {
                            "version": "http://registry.npm.taobao.org/ansi-styles/download/ansi-styles-3.2.1.tgz",
                            "dependencies": {
                                "color-convert": {
                                    "version": "http://registry.npm.taobao.org/color-convert/download/color-convert-1.9.3.tgz"
                                }
                            }
                        },
                        "escape-string-regexp": {
                            "version": "http://registry.npm.taobao.org/escape-string-regexp/download/escape-string-regexp-1.0.5.tgz"
                        },
                        "supports-color": {
                            "version": "http://registry.npm.taobao.org/supports-color/download/supports-color-5.5.0.tgz"
                        }
                    }
                },
                "table-layout": {
                    "version": "http://registry.npm.taobao.org/table-layout/download/table-layout-0.4.4.tgz"
                },
                "typical": {
                    "version": "http://registry.npm.taobao.org/typical/download/typical-2.6.1.tgz"
                }
            }
        },
        "commander": {
            "version": "2.18.0",
            "resolved": "https://registry.npmjs.org/commander/-/commander-2.18.0.tgz",
            "integrity": "sha512-6CYPa+JP2ftfRU2qkDK+UTVeQYosOg/2GbcjIcKPHfinyOLPVGXu/ovN86RP49Re5ndJK1N0kuiidFFuepc4ZQ=="
        }
    }
}
